
Microsoft Visual Studio Solution File, Format Version 12.00
# Visual Studio 15
VisualStudioVersion = 15.0.28307.421
MinimumVisualStudioVersion = 10.0.40219.1
Project("{FAE04EC0-301F-11D3-BF4B-00C04F79EFBC}") = "dqc-signalr-webapp-demo", "dqc-signalr-webapp-demo\dqc-signalr-webapp-demo.csproj", "{2C32A273-B579-4981-A416-7165E2781256}"
EndProject
Global
	GlobalSection(SolutionConfigurationPlatforms) = preSolution
		Debug|Any CPU = Debug|Any CPU
		Release|Any CPU = Release|Any CPU
	EndGlobalSection
	GlobalSection(ProjectConfigurationPlatforms) = postSolution
		{2C32A273-B579-4981-A416-7165E2781256}.Debug|Any CPU.ActiveCfg = Debug|Any CPU
		{2C32A273-B579-4981-A416-7165E2781256}.Debug|Any CPU.Build.0 = Debug|Any CPU
		{2C32A273-B579-4981-A416-7165E2781256}.Release|Any CPU.ActiveCfg = Release|Any CPU
		{2C32A273-B579-4981-A416-7165E2781256}.Release|Any CPU.Build.0 = Release|Any CPU
	EndGlobalSection
	GlobalSection(SolutionProperties) = preSolution
		HideSolutionNode = FALSE
	EndGlobalSection
	GlobalSection(ExtensibilityGlobals) = postSolution
		SolutionGuid = {D0DB0E4E-47D2-4244-9D99-9AF83DCFEEEC}
	EndGlobalSection
EndGlobal
